
Microsoft Visual Studio Solution File, Format Version 12.00
# Visual Studio Version 17
VisualStudioVersion = 17.11.35222.181
MinimumVisualStudioVersion = 10.0.40219.1
Project("{FAE04EC0-301F-11D3-BF4B-00C04F79EFBC}") = "Facturacion", "Facturacion\Facturacion.csproj", "{1B0A3A42-5358-4BF2-8D06-8325F05F5DAA}"
EndProject
Global
	GlobalSection(SolutionConfigurationPlatforms) = preSolution
		Debug|Any CPU = Debug|Any CPU
		Release|Any CPU = Release|Any CPU
	EndGlobalSection
	GlobalSection(ProjectConfigurationPlatforms) = postSolution
		{1B0A3A42-5358-4BF2-8D06-8325F05F5DAA}.Debug|Any CPU.ActiveCfg = Debug|Any CPU
		{1B0A3A42-5358-4BF2-8D06-8325F05F5DAA}.Debug|Any CPU.Build.0 = Debug|Any CPU
		{1B0A3A42-5358-4BF2-8D06-8325F05F5DAA}.Release|Any CPU.ActiveCfg = Release|Any CPU
		{1B0A3A42-5358-4BF2-8D06-8325F05F5DAA}.Release|Any CPU.Build.0 = Release|Any CPU
	EndGlobalSection
	GlobalSection(SolutionProperties) = preSolution
		HideSolutionNode = FALSE
	EndGlobalSection
	GlobalSection(ExtensibilityGlobals) = postSolution
		SolutionGuid = {6A8BCE0F-227D-4933-997F-44C9284A4F12}
	EndGlobalSection
EndGlobal
